
Microsoft Visual Studio Solution File, Format Version 12.00
# Visual Studio 15
Project("{FAE04EC0-301F-11D3-BF4B-00C04F79EFBC}") = "Assembly-CSharp", "Assembly-CSharp.csproj", "{EECF0410-7787-F820-6C3B-800175D2C9D6}"
EndProject
Project("{FAE04EC0-301F-11D3-BF4B-00C04F79EFBC}") = "Assembly-CSharp-firstpass", "Assembly-CSharp-firstpass.csproj", "{D90931C7-D9B6-2B03-9060-E6029600B7CE}"
EndProject
Project("{FAE04EC0-301F-11D3-BF4B-00C04F79EFBC}") = "Assembly-CSharp-Editor-firstpass", "Assembly-CSharp-Editor-firstpass.csproj", "{A7B4FAD8-CF27-2FB1-4E2E-ED5F347D6904}"
EndProject
Project("{FAE04EC0-301F-11D3-BF4B-00C04F79EFBC}") = "Assembly-CSharp-Editor", "Assembly-CSharp-Editor.csproj", "{E024657E-C8C8-8D3F-6765-D90A5EF50F0D}"
EndProject
Global
	GlobalSection(SolutionConfigurationPlatforms) = preSolution
		Debug|Any CPU = Debug|Any CPU
		Release|Any CPU = Release|Any CPU
	EndGlobalSection
	GlobalSection(ProjectConfigurationPlatforms) = postSolution
		{EECF0410-7787-F820-6C3B-800175D2C9D6}.Debug|Any CPU.ActiveCfg = Debug|Any CPU
		{EECF0410-7787-F820-6C3B-800175D2C9D6}.Debug|Any CPU.Build.0 = Debug|Any CPU
		{EECF0410-7787-F820-6C3B-800175D2C9D6}.Release|Any CPU.ActiveCfg = Release|Any CPU
		{EECF0410-7787-F820-6C3B-800175D2C9D6}.Release|Any CPU.Build.0 = Release|Any CPU
		{D90931C7-D9B6-2B03-9060-E6029600B7CE}.Debug|Any CPU.ActiveCfg = Debug|Any CPU
		{D90931C7-D9B6-2B03-9060-E6029600B7CE}.Debug|Any CPU.Build.0 = Debug|Any CPU
		{D90931C7-D9B6-2B03-9060-E6029600B7CE}.Release|Any CPU.ActiveCfg = Release|Any CPU
		{D90931C7-D9B6-2B03-9060-E6029600B7CE}.Release|Any CPU.Build.0 = Release|Any CPU
		{A7B4FAD8-CF27-2FB1-4E2E-ED5F347D6904}.Debug|Any CPU.ActiveCfg = Debug|Any CPU
		{A7B4FAD8-CF27-2FB1-4E2E-ED5F347D6904}.Debug|Any CPU.Build.0 = Debug|Any CPU
		{A7B4FAD8-CF27-2FB1-4E2E-ED5F347D6904}.Release|Any CPU.ActiveCfg = Release|Any CPU
		{A7B4FAD8-CF27-2FB1-4E2E-ED5F347D6904}.Release|Any CPU.Build.0 = Release|Any CPU
		{E024657E-C8C8-8D3F-6765-D90A5EF50F0D}.Debug|Any CPU.ActiveCfg = Debug|Any CPU
		{E024657E-C8C8-8D3F-6765-D90A5EF50F0D}.Debug|Any CPU.Build.0 = Debug|Any CPU
		{E024657E-C8C8-8D3F-6765-D90A5EF50F0D}.Release|Any CPU.ActiveCfg = Release|Any CPU
		{E024657E-C8C8-8D3F-6765-D90A5EF50F0D}.Release|Any CPU.Build.0 = Release|Any CPU
	EndGlobalSection
	GlobalSection(SolutionProperties) = preSolution
		HideSolutionNode = FALSE
	EndGlobalSection
EndGlobal
